// !$*UTF8*$!
{
	archiveVersion = 1;
	classes = {
	};
	objectVersion = 50;
	objects = {

/* Begin PBXBuildFile section */
		68F4A0677ED0D1D9E6BA1210 /* Pods_OpenMarket.framework in Frameworks */ = {isa = PBXBuildFile; fileRef = 1C38891A4DAF9337F2FC1838 /* Pods_OpenMarket.framework */; };
		C70FB0FB25BEF61C00C9924E /* AppDelegate.swift in Sources */ = {isa = PBXBuildFile; fileRef = C70FB0FA25BEF61C00C9924E /* AppDelegate.swift */; };
		C70FB0FD25BEF61C00C9924E /* SceneDelegate.swift in Sources */ = {isa = PBXBuildFile; fileRef = C70FB0FC25BEF61C00C9924E /* SceneDelegate.swift */; };
		C70FB0FF25BEF61C00C9924E /* ViewController.swift in Sources */ = {isa = PBXBuildFile; fileRef = C70FB0FE25BEF61C00C9924E /* ViewController.swift */; };
		C70FB10225BEF61C00C9924E /* Main.storyboard in Resources */ = {isa = PBXBuildFile; fileRef = C70FB10025BEF61C00C9924E /* Main.storyboard */; };
		C70FB10425BEF61D00C9924E /* Assets.xcassets in Resources */ = {isa = PBXBuildFile; fileRef = C70FB10325BEF61D00C9924E /* Assets.xcassets */; };
		C70FB10725BEF61D00C9924E /* LaunchScreen.storyboard in Resources */ = {isa = PBXBuildFile; fileRef = C70FB10525BEF61D00C9924E /* LaunchScreen.storyboard */; };
		DF2B66B92797AE3200CF0085 /* NetworkManager.swift in Sources */ = {isa = PBXBuildFile; fileRef = DF2B66B82797AE3200CF0085 /* NetworkManager.swift */; };
		DF2B66BD2798044E00CF0085 /* MarketEndPoint.swift in Sources */ = {isa = PBXBuildFile; fileRef = DF2B66BC2798044E00CF0085 /* MarketEndPoint.swift */; };
		DF2B66C327990B1700CF0085 /* MultipartFormData.swift in Sources */ = {isa = PBXBuildFile; fileRef = DF2B66C227990B1700CF0085 /* MultipartFormData.swift */; };
		DF2B66C82799651100CF0085 /* PostProduct.swift in Sources */ = {isa = PBXBuildFile; fileRef = DF2B66C72799651100CF0085 /* PostProduct.swift */; };
		DF2B66CD279971DF00CF0085 /* URLRequest+Extension.swift in Sources */ = {isa = PBXBuildFile; fileRef = DF2B66CC279971DF00CF0085 /* URLRequest+Extension.swift */; };
		DF31737C277B361B0088FA6A /* Product.swift in Sources */ = {isa = PBXBuildFile; fileRef = DF31737B277B361B0088FA6A /* Product.swift */; };
		DF31737E277B36370088FA6A /* ImageInformation.swift in Sources */ = {isa = PBXBuildFile; fileRef = DF31737D277B36370088FA6A /* ImageInformation.swift */; };
		DF317380277B36470088FA6A /* Vendor.swift in Sources */ = {isa = PBXBuildFile; fileRef = DF31737F277B36470088FA6A /* Vendor.swift */; };
		DF317382277B375B0088FA6A /* ProductList.swift in Sources */ = {isa = PBXBuildFile; fileRef = DF317381277B375B0088FA6A /* ProductList.swift */; };
		DF317384277BE0C20088FA6A /* ParsingManager.swift in Sources */ = {isa = PBXBuildFile; fileRef = DF317383277BE0C20088FA6A /* ParsingManager.swift */; };
		DF317387277BF2D50088FA6A /* ParsingError.swift in Sources */ = {isa = PBXBuildFile; fileRef = DF317386277BF2D50088FA6A /* ParsingError.swift */; };
		DF31738A277C152E0088FA6A /* EndPointType.swift in Sources */ = {isa = PBXBuildFile; fileRef = DF317389277C152E0088FA6A /* EndPointType.swift */; };
/* End PBXBuildFile section */

/* Begin PBXFileReference section */
		1C38891A4DAF9337F2FC1838 /* Pods_OpenMarket.framework */ = {isa = PBXFileReference; explicitFileType = wrapper.framework; includeInIndex = 0; path = Pods_OpenMarket.framework; sourceTree = BUILT_PRODUCTS_DIR; };
		76F0BAE298815D5F9CFEF9A4 /* Pods-OpenMarket.release.xcconfig */ = {isa = PBXFileReference; includeInIndex = 1; lastKnownFileType = text.xcconfig; name = "Pods-OpenMarket.release.xcconfig"; path = "Target Support Files/Pods-OpenMarket/Pods-OpenMarket.release.xcconfig"; sourceTree = "<group>"; };
		BAE293CFED64C6BE1A23272B /* Pods-OpenMarket.debug.xcconfig */ = {isa = PBXFileReference; includeInIndex = 1; lastKnownFileType = text.xcconfig; name = "Pods-OpenMarket.debug.xcconfig"; path = "Target Support Files/Pods-OpenMarket/Pods-OpenMarket.debug.xcconfig"; sourceTree = "<group>"; };
		C70FB0F725BEF61C00C9924E /* OpenMarket.app */ = {isa = PBXFileReference; explicitFileType = wrapper.application; includeInIndex = 0; path = OpenMarket.app; sourceTree = BUILT_PRODUCTS_DIR; };
		C70FB0FA25BEF61C00C9924E /* AppDelegate.swift */ = {isa = PBXFileReference; lastKnownFileType = sourcecode.swift; path = AppDelegate.swift; sourceTree = "<group>"; };
		C70FB0FC25BEF61C00C9924E /* SceneDelegate.swift */ = {isa = PBXFileReference; lastKnownFileType = sourcecode.swift; path = SceneDelegate.swift; sourceTree = "<group>"; };
		C70FB0FE25BEF61C00C9924E /* ViewController.swift */ = {isa = PBXFileReference; lastKnownFileType = sourcecode.swift; path = ViewController.swift; sourceTree = "<group>"; };
		C70FB10125BEF61C00C9924E /* Base */ = {isa = PBXFileReference; lastKnownFileType = file.storyboard; name = Base; path = Base.lproj/Main.storyboard; sourceTree = "<group>"; };
		C70FB10325BEF61D00C9924E /* Assets.xcassets */ = {isa = PBXFileReference; lastKnownFileType = folder.assetcatalog; path = Assets.xcassets; sourceTree = "<group>"; };
		C70FB10625BEF61D00C9924E /* Base */ = {isa = PBXFileReference; lastKnownFileType = file.storyboard; name = Base; path = Base.lproj/LaunchScreen.storyboard; sourceTree = "<group>"; };
		C70FB10825BEF61D00C9924E /* Info.plist */ = {isa = PBXFileReference; lastKnownFileType = text.plist.xml; path = Info.plist; sourceTree = "<group>"; };
		DF2B66B82797AE3200CF0085 /* NetworkManager.swift */ = {isa = PBXFileReference; lastKnownFileType = sourcecode.swift; path = NetworkManager.swift; sourceTree = "<group>"; };
		DF2B66BC2798044E00CF0085 /* MarketEndPoint.swift */ = {isa = PBXFileReference; lastKnownFileType = sourcecode.swift; path = MarketEndPoint.swift; sourceTree = "<group>"; };
		DF2B66C227990B1700CF0085 /* MultipartFormData.swift */ = {isa = PBXFileReference; lastKnownFileType = sourcecode.swift; path = MultipartFormData.swift; sourceTree = "<group>"; };
		DF2B66C72799651100CF0085 /* PostProduct.swift */ = {isa = PBXFileReference; lastKnownFileType = sourcecode.swift; path = PostProduct.swift; sourceTree = "<group>"; };
		DF2B66CC279971DF00CF0085 /* URLRequest+Extension.swift */ = {isa = PBXFileReference; lastKnownFileType = sourcecode.swift; path = "URLRequest+Extension.swift"; sourceTree = "<group>"; };
		DF31737B277B361B0088FA6A /* Product.swift */ = {isa = PBXFileReference; lastKnownFileType = sourcecode.swift; path = Product.swift; sourceTree = "<group>"; };
		DF31737D277B36370088FA6A /* ImageInformation.swift */ = {isa = PBXFileReference; lastKnownFileType = sourcecode.swift; path = ImageInformation.swift; sourceTree = "<group>"; };
		DF31737F277B36470088FA6A /* Vendor.swift */ = {isa = PBXFileReference; lastKnownFileType = sourcecode.swift; path = Vendor.swift; sourceTree = "<group>"; };
		DF317381277B375B0088FA6A /* ProductList.swift */ = {isa = PBXFileReference; lastKnownFileType = sourcecode.swift; path = ProductList.swift; sourceTree = "<group>"; };
		DF317383277BE0C20088FA6A /* ParsingManager.swift */ = {isa = PBXFileReference; lastKnownFileType = sourcecode.swift; path = ParsingManager.swift; sourceTree = "<group>"; };
		DF317386277BF2D50088FA6A /* ParsingError.swift */ = {isa = PBXFileReference; lastKnownFileType = sourcecode.swift; path = ParsingError.swift; sourceTree = "<group>"; };
		DF317389277C152E0088FA6A /* EndPointType.swift */ = {isa = PBXFileReference; lastKnownFileType = sourcecode.swift; path = EndPointType.swift; sourceTree = "<group>"; };
/* End PBXFileReference section */

/* Begin PBXFrameworksBuildPhase section */
		C70FB0F425BEF61C00C9924E /* Frameworks */ = {
			isa = PBXFrameworksBuildPhase;
			buildActionMask = 2147483647;
			files = (
				68F4A0677ED0D1D9E6BA1210 /* Pods_OpenMarket.framework in Frameworks */,
			);
			runOnlyForDeploymentPostprocessing = 0;
		};
/* End PBXFrameworksBuildPhase section */

/* Begin PBXGroup section */
		0E839B33B009CC7490BFD252 /* Pods */ = {
			isa = PBXGroup;
			children = (
				BAE293CFED64C6BE1A23272B /* Pods-OpenMarket.debug.xcconfig */,
				76F0BAE298815D5F9CFEF9A4 /* Pods-OpenMarket.release.xcconfig */,
			);
			path = Pods;
			sourceTree = "<group>";
		};
		500E656F26E40CD7E44E1539 /* Frameworks */ = {
			isa = PBXGroup;
			children = (
				1C38891A4DAF9337F2FC1838 /* Pods_OpenMarket.framework */,
			);
			name = Frameworks;
			sourceTree = "<group>";
		};
		C70FB0EE25BEF61C00C9924E = {
			isa = PBXGroup;
			children = (
				C70FB0F925BEF61C00C9924E /* OpenMarket */,
				C70FB0F825BEF61C00C9924E /* Products */,
				0E839B33B009CC7490BFD252 /* Pods */,
				500E656F26E40CD7E44E1539 /* Frameworks */,
			);
			sourceTree = "<group>";
		};
		C70FB0F825BEF61C00C9924E /* Products */ = {
			isa = PBXGroup;
			children = (
				C70FB0F725BEF61C00C9924E /* OpenMarket.app */,
			);
			name = Products;
			sourceTree = "<group>";
		};
		C70FB0F925BEF61C00C9924E /* OpenMarket */ = {
			isa = PBXGroup;
			children = (
				DF2B66CB279971AE00CF0085 /* Extensions */,
				DF317388277C151F0088FA6A /* Protocols */,
				DF317385277BF2C90088FA6A /* Error */,
				DF317371277B266A0088FA6A /* Model */,
				DF2B66B32797940A00CF0085 /* Networking */,
				DF317372277B26730088FA6A /* View */,
				DF317373277B26780088FA6A /* Controller */,
				DF317374277B26830088FA6A /* SupportingFiles */,
			);
			path = OpenMarket;
			sourceTree = "<group>";
		};
		DF2B66B32797940A00CF0085 /* Networking */ = {
			isa = PBXGroup;
			children = (
				DF2B66BC2798044E00CF0085 /* MarketEndPoint.swift */,
				DF2B66B82797AE3200CF0085 /* NetworkManager.swift */,
				DF2B66C227990B1700CF0085 /* MultipartFormData.swift */,
			);
			path = Networking;
			sourceTree = "<group>";
		};
		DF2B66C927996B9300CF0085 /* DTO */ = {
			isa = PBXGroup;
			children = (
				DF2B66C72799651100CF0085 /* PostProduct.swift */,
			);
			path = DTO;
			sourceTree = "<group>";
		};
		DF2B66CB279971AE00CF0085 /* Extensions */ = {
			isa = PBXGroup;
			children = (
				DF2B66CC279971DF00CF0085 /* URLRequest+Extension.swift */,
			);
			path = Extensions;
			sourceTree = "<group>";
		};
		DF317371277B266A0088FA6A /* Model */ = {
			isa = PBXGroup;
			children = (
				DF2B66C927996B9300CF0085 /* DTO */,
				DF317381277B375B0088FA6A /* ProductList.swift */,
				DF31737B277B361B0088FA6A /* Product.swift */,
				DF31737D277B36370088FA6A /* ImageInformation.swift */,
				DF31737F277B36470088FA6A /* Vendor.swift */,
				DF317383277BE0C20088FA6A /* ParsingManager.swift */,
			);
			path = Model;
			sourceTree = "<group>";
		};
		DF317372277B26730088FA6A /* View */ = {
			isa = PBXGroup;
			children = (
				C70FB10525BEF61D00C9924E /* LaunchScreen.storyboard */,
				C70FB10025BEF61C00C9924E /* Main.storyboard */,
			);
			path = View;
			sourceTree = "<group>";
		};
		DF317373277B26780088FA6A /* Controller */ = {
			isa = PBXGroup;
			children = (
				C70FB0FE25BEF61C00C9924E /* ViewController.swift */,
			);
			path = Controller;
			sourceTree = "<group>";
		};
		DF317374277B26830088FA6A /* SupportingFiles */ = {
			isa = PBXGroup;
			children = (
				C70FB0FA25BEF61C00C9924E /* AppDelegate.swift */,
				C70FB0FC25BEF61C00C9924E /* SceneDelegate.swift */,
				C70FB10325BEF61D00C9924E /* Assets.xcassets */,
				C70FB10825BEF61D00C9924E /* Info.plist */,
			);
			path = SupportingFiles;
			sourceTree = "<group>";
		};
		DF317385277BF2C90088FA6A /* Error */ = {
			isa = PBXGroup;
			children = (
				DF317386277BF2D50088FA6A /* ParsingError.swift */,
			);
			path = Error;
			sourceTree = "<group>";
		};
		DF317388277C151F0088FA6A /* Protocols */ = {
			isa = PBXGroup;
			children = (
				DF317389277C152E0088FA6A /* EndPointType.swift */,
			);
			path = Protocols;
			sourceTree = "<group>";
		};
/* End PBXGroup section */

/* Begin PBXNativeTarget section */
		C70FB0F625BEF61C00C9924E /* OpenMarket */ = {
			isa = PBXNativeTarget;
			buildConfigurationList = C70FB10B25BEF61D00C9924E /* Build configuration list for PBXNativeTarget "OpenMarket" */;
			buildPhases = (
				7A1FAB0AA509DEBC2A80EFBD /* [CP] Check Pods Manifest.lock */,
				C70FB0F325BEF61C00C9924E /* Sources */,
				C70FB0F425BEF61C00C9924E /* Frameworks */,
				C70FB0F525BEF61C00C9924E /* Resources */,
				DF317370277AFE870088FA6A /* ShellScript */,
			);
			buildRules = (
			);
			dependencies = (
			);
			name = OpenMarket;
			productName = OpenMarket;
			productReference = C70FB0F725BEF61C00C9924E /* OpenMarket.app */;
			productType = "com.apple.product-type.application";
		};
/* End PBXNativeTarget section */

/* Begin PBXProject section */
		C70FB0EF25BEF61C00C9924E /* Project object */ = {
			isa = PBXProject;
			attributes = {
				LastSwiftUpdateCheck = 1230;
				LastUpgradeCheck = 1230;
				TargetAttributes = {
					C70FB0F625BEF61C00C9924E = {
						CreatedOnToolsVersion = 12.3;
					};
				};
			};
			buildConfigurationList = C70FB0F225BEF61C00C9924E /* Build configuration list for PBXProject "OpenMarket" */;
			compatibilityVersion = "Xcode 9.3";
			developmentRegion = en;
			hasScannedForEncodings = 0;
			knownRegions = (
				en,
				Base,
			);
			mainGroup = C70FB0EE25BEF61C00C9924E;
			productRefGroup = C70FB0F825BEF61C00C9924E /* Products */;
			projectDirPath = "";
			projectRoot = "";
			targets = (
				C70FB0F625BEF61C00C9924E /* OpenMarket */,
			);
		};
/* End PBXProject section */

/* Begin PBXResourcesBuildPhase section */
		C70FB0F525BEF61C00C9924E /* Resources */ = {
			isa = PBXResourcesBuildPhase;
			buildActionMask = 2147483647;
			files = (
				C70FB10725BEF61D00C9924E /* LaunchScreen.storyboard in Resources */,
				C70FB10425BEF61D00C9924E /* Assets.xcassets in Resources */,
				C70FB10225BEF61C00C9924E /* Main.storyboard in Resources */,
			);
			runOnlyForDeploymentPostprocessing = 0;
		};
/* End PBXResourcesBuildPhase section */

/* Begin PBXShellScriptBuildPhase section */
		7A1FAB0AA509DEBC2A80EFBD /* [CP] Check Pods Manifest.lock */ = {
			isa = PBXShellScriptBuildPhase;
			buildActionMask = 2147483647;
			files = (
			);
			inputFileListPaths = (
			);
			inputPaths = (
				"${PODS_PODFILE_DIR_PATH}/Podfile.lock",
				"${PODS_ROOT}/Manifest.lock",
			);
			name = "[CP] Check Pods Manifest.lock";
			outputFileListPaths = (
			);
			outputPaths = (
				"$(DERIVED_FILE_DIR)/Pods-OpenMarket-checkManifestLockResult.txt",
			);
			runOnlyForDeploymentPostprocessing = 0;
			shellPath = /bin/sh;
			shellScript = "diff \"${PODS_PODFILE_DIR_PATH}/Podfile.lock\" \"${PODS_ROOT}/Manifest.lock\" > /dev/null\nif [ $? != 0 ] ; then\n    # print error to STDERR\n    echo \"error: The sandbox is not in sync with the Podfile.lock. Run 'pod install' or update your CocoaPods installation.\" >&2\n    exit 1\nfi\n# This output is used by Xcode 'outputs' to avoid re-running this script phase.\necho \"SUCCESS\" > \"${SCRIPT_OUTPUT_FILE_0}\"\n";
			showEnvVarsInLog = 0;
		};
		DF317370277AFE870088FA6A /* ShellScript */ = {
			isa = PBXShellScriptBuildPhase;
			buildActionMask = 2147483647;
			files = (
			);
			inputFileListPaths = (
			);
			inputPaths = (
			);
			outputFileListPaths = (
			);
			outputPaths = (
			);
			runOnlyForDeploymentPostprocessing = 0;
			shellPath = /bin/sh;
			shellScript = "${PODS_ROOT}/SwiftLint/swiftlint\n";
		};
/* End PBXShellScriptBuildPhase section */

/* Begin PBXSourcesBuildPhase section */
		C70FB0F325BEF61C00C9924E /* Sources */ = {
			isa = PBXSourcesBuildPhase;
			buildActionMask = 2147483647;
			files = (
				C70FB0FF25BEF61C00C9924E /* ViewController.swift in Sources */,
				DF31737C277B361B0088FA6A /* Product.swift in Sources */,
				DF2B66C327990B1700CF0085 /* MultipartFormData.swift in Sources */,
				C70FB0FB25BEF61C00C9924E /* AppDelegate.swift in Sources */,
				DF317380277B36470088FA6A /* Vendor.swift in Sources */,
				DF2B66B92797AE3200CF0085 /* NetworkManager.swift in Sources */,
				DF317382277B375B0088FA6A /* ProductList.swift in Sources */,
				DF2B66BD2798044E00CF0085 /* MarketEndPoint.swift in Sources */,
				DF31737E277B36370088FA6A /* ImageInformation.swift in Sources */,
				DF317384277BE0C20088FA6A /* ParsingManager.swift in Sources */,
				DF2B66CD279971DF00CF0085 /* URLRequest+Extension.swift in Sources */,
				DF317387277BF2D50088FA6A /* ParsingError.swift in Sources */,
				C70FB0FD25BEF61C00C9924E /* SceneDelegate.swift in Sources */,
				DF31738A277C152E0088FA6A /* EndPointType.swift in Sources */,
				DF2B66C82799651100CF0085 /* PostProduct.swift in Sources */,
			);
			runOnlyForDeploymentPostprocessing = 0;
		};
/* End PBXSourcesBuildPhase section */

/* Begin PBXVariantGroup section */
		C70FB10025BEF61C00C9924E /* Main.storyboard */ = {
			isa = PBXVariantGroup;
			children = (
				C70FB10125BEF61C00C9924E /* Base */,
			);
			name = Main.storyboard;
			sourceTree = "<group>";
		};
		C70FB10525BEF61D00C9924E /* LaunchScreen.storyboard */ = {
			isa = PBXVariantGroup;
			children = (
				C70FB10625BEF61D00C9924E /* Base */,
			);
			name = LaunchScreen.storyboard;
			sourceTree = "<group>";
		};
/* End PBXVariantGroup section */

/* Begin XCBuildConfiguration section */
		C70FB10925BEF61D00C9924E /* Debug */ = {
			isa = XCBuildConfiguration;
			buildSettings = {
				ALWAYS_SEARCH_USER_PATHS = NO;
				CLANG_ANALYZER_NONNULL = YES;
				CLANG_ANALYZER_NUMBER_OBJECT_CONVERSION = YES_AGGRESSIVE;
				CLANG_CXX_LANGUAGE_STANDARD = "gnu++14";
				CLANG_CXX_LIBRARY = "libc++";
				CLANG_ENABLE_MODULES = YES;
				CLANG_ENABLE_OBJC_ARC = YES;
				CLANG_ENABLE_OBJC_WEAK = YES;
				CLANG_WARN_BLOCK_CAPTURE_AUTORELEASING = YES;
				CLANG_WARN_BOOL_CONVERSION = YES;
				CLANG_WARN_COMMA = YES;
				CLANG_WARN_CONSTANT_CONVERSION = YES;
				CLANG_WARN_DEPRECATED_OBJC_IMPLEMENTATIONS = YES;
				CLANG_WARN_DIRECT_OBJC_ISA_USAGE = YES_ERROR;
				CLANG_WARN_DOCUMENTATION_COMMENTS = YES;
				CLANG_WARN_EMPTY_BODY = YES;
				CLANG_WARN_ENUM_CONVERSION = YES;
				CLANG_WARN_INFINITE_RECURSION = YES;
				CLANG_WARN_INT_CONVERSION = YES;
				CLANG_WARN_NON_LITERAL_NULL_CONVERSION = YES;
				CLANG_WARN_OBJC_IMPLICIT_RETAIN_SELF = YES;
				CLANG_WARN_OBJC_LITERAL_CONVERSION = YES;
				CLANG_WARN_OBJC_ROOT_CLASS = YES_ERROR;
				CLANG_WARN_QUOTED_INCLUDE_IN_FRAMEWORK_HEADER = YES;
				CLANG_WARN_RANGE_LOOP_ANALYSIS = YES;
				CLANG_WARN_STRICT_PROTOTYPES = YES;
				CLANG_WARN_SUSPICIOUS_MOVE = YES;
				CLANG_WARN_UNGUARDED_AVAILABILITY = YES_AGGRESSIVE;
				CLANG_WARN_UNREACHABLE_CODE = YES;
				CLANG_WARN__DUPLICATE_METHOD_MATCH = YES;
				COPY_PHASE_STRIP = NO;
				DEBUG_INFORMATION_FORMAT = dwarf;
				ENABLE_STRICT_OBJC_MSGSEND = YES;
				ENABLE_TESTABILITY = YES;
				GCC_C_LANGUAGE_STANDARD = gnu11;
				GCC_DYNAMIC_NO_PIC = NO;
				GCC_NO_COMMON_BLOCKS = YES;
				GCC_OPTIMIZATION_LEVEL = 0;
				GCC_PREPROCESSOR_DEFINITIONS = (
					"DEBUG=1",
					"$(inherited)",
				);
				GCC_WARN_64_TO_32_BIT_CONVERSION = YES;
				GCC_WARN_ABOUT_RETURN_TYPE = YES_ERROR;
				GCC_WARN_UNDECLARED_SELECTOR = YES;
				GCC_WARN_UNINITIALIZED_AUTOS = YES_AGGRESSIVE;
				GCC_WARN_UNUSED_FUNCTION = YES;
				GCC_WARN_UNUSED_VARIABLE = YES;
				IPHONEOS_DEPLOYMENT_TARGET = 13.2;
				MTL_ENABLE_DEBUG_INFO = INCLUDE_SOURCE;
				MTL_FAST_MATH = YES;
				ONLY_ACTIVE_ARCH = YES;
				SDKROOT = iphoneos;
				SWIFT_ACTIVE_COMPILATION_CONDITIONS = DEBUG;
				SWIFT_OPTIMIZATION_LEVEL = "-Onone";
			};
			name = Debug;
		};
		C70FB10A25BEF61D00C9924E /* Release */ = {
			isa = XCBuildConfiguration;
			buildSettings = {
				ALWAYS_SEARCH_USER_PATHS = NO;
				CLANG_ANALYZER_NONNULL = YES;
				CLANG_ANALYZER_NUMBER_OBJECT_CONVERSION = YES_AGGRESSIVE;
				CLANG_CXX_LANGUAGE_STANDARD = "gnu++14";
				CLANG_CXX_LIBRARY = "libc++";
				CLANG_ENABLE_MODULES = YES;
				CLANG_ENABLE_OBJC_ARC = YES;
				CLANG_ENABLE_OBJC_WEAK = YES;
				CLANG_WARN_BLOCK_CAPTURE_AUTORELEASING = YES;
				CLANG_WARN_BOOL_CONVERSION = YES;
				CLANG_WARN_COMMA = YES;
				CLANG_WARN_CONSTANT_CONVERSION = YES;
				CLANG_WARN_DEPRECATED_OBJC_IMPLEMENTATIONS = YES;
				CLANG_WARN_DIRECT_OBJC_ISA_USAGE = YES_ERROR;
				CLANG_WARN_DOCUMENTATION_COMMENTS = YES;
				CLANG_WARN_EMPTY_BODY = YES;
				CLANG_WARN_ENUM_CONVERSION = YES;
				CLANG_WARN_INFINITE_RECURSION = YES;
				CLANG_WARN_INT_CONVERSION = YES;
				CLANG_WARN_NON_LITERAL_NULL_CONVERSION = YES;
				CLANG_WARN_OBJC_IMPLICIT_RETAIN_SELF = YES;
				CLANG_WARN_OBJC_LITERAL_CONVERSION = YES;
				CLANG_WARN_OBJC_ROOT_CLASS = YES_ERROR;
				CLANG_WARN_QUOTED_INCLUDE_IN_FRAMEWORK_HEADER = YES;
				CLANG_WARN_RANGE_LOOP_ANALYSIS = YES;
				CLANG_WARN_STRICT_PROTOTYPES = YES;
				CLANG_WARN_SUSPICIOUS_MOVE = YES;
				CLANG_WARN_UNGUARDED_AVAILABILITY = YES_AGGRESSIVE;
				CLANG_WARN_UNREACHABLE_CODE = YES;
				CLANG_WARN__DUPLICATE_METHOD_MATCH = YES;
				COPY_PHASE_STRIP = NO;
				DEBUG_INFORMATION_FORMAT = "dwarf-with-dsym";
				ENABLE_NS_ASSERTIONS = NO;
				ENABLE_STRICT_OBJC_MSGSEND = YES;
				GCC_C_LANGUAGE_STANDARD = gnu11;
				GCC_NO_COMMON_BLOCKS = YES;
				GCC_WARN_64_TO_32_BIT_CONVERSION = YES;
				GCC_WARN_ABOUT_RETURN_TYPE = YES_ERROR;
				GCC_WARN_UNDECLARED_SELECTOR = YES;
				GCC_WARN_UNINITIALIZED_AUTOS = YES_AGGRESSIVE;
				GCC_WARN_UNUSED_FUNCTION = YES;
				GCC_WARN_UNUSED_VARIABLE = YES;
				IPHONEOS_DEPLOYMENT_TARGET = 13.2;
				MTL_ENABLE_DEBUG_INFO = NO;
				MTL_FAST_MATH = YES;
				SDKROOT = iphoneos;
				SWIFT_COMPILATION_MODE = wholemodule;
				SWIFT_OPTIMIZATION_LEVEL = "-O";
				VALIDATE_PRODUCT = YES;
			};
			name = Release;
		};
		C70FB10C25BEF61D00C9924E /* Debug */ = {
			isa = XCBuildConfiguration;
			baseConfigurationReference = BAE293CFED64C6BE1A23272B /* Pods-OpenMarket.debug.xcconfig */;
			buildSettings = {
				ASSETCATALOG_COMPILER_APPICON_NAME = AppIcon;
				ASSETCATALOG_COMPILER_GLOBAL_ACCENT_COLOR_NAME = AccentColor;
				CODE_SIGN_STYLE = Automatic;
				INFOPLIST_FILE = OpenMarket/SupportingFiles/Info.plist;
				IPHONEOS_DEPLOYMENT_TARGET = 13.2;
				LD_RUNPATH_SEARCH_PATHS = (
					"$(inherited)",
					"@executable_path/Frameworks",
				);
				PRODUCT_BUNDLE_IDENTIFIER = net.yagom.OpenMarket;
				PRODUCT_NAME = "$(TARGET_NAME)";
				SWIFT_VERSION = 5.0;
				TARGETED_DEVICE_FAMILY = "1,2";
			};
			name = Debug;
		};
		C70FB10D25BEF61D00C9924E /* Release */ = {
			isa = XCBuildConfiguration;
			baseConfigurationReference = 76F0BAE298815D5F9CFEF9A4 /* Pods-OpenMarket.release.xcconfig */;
			buildSettings = {
				ASSETCATALOG_COMPILER_APPICON_NAME = AppIcon;
				ASSETCATALOG_COMPILER_GLOBAL_ACCENT_COLOR_NAME = AccentColor;
				CODE_SIGN_STYLE = Automatic;
				INFOPLIST_FILE = OpenMarket/SupportingFiles/Info.plist;
				IPHONEOS_DEPLOYMENT_TARGET = 13.2;
				LD_RUNPATH_SEARCH_PATHS = (
					"$(inherited)",
					"@executable_path/Frameworks",
				);
				PRODUCT_BUNDLE_IDENTIFIER = net.yagom.OpenMarket;
				PRODUCT_NAME = "$(TARGET_NAME)";
				SWIFT_VERSION = 5.0;
				TARGETED_DEVICE_FAMILY = "1,2";
			};
			name = Release;
		};
/* End XCBuildConfiguration section */

/* Begin XCConfigurationList section */
		C70FB0F225BEF61C00C9924E /* Build configuration list for PBXProject "OpenMarket" */ = {
			isa = XCConfigurationList;
			buildConfigurations = (
				C70FB10925BEF61D00C9924E /* Debug */,
				C70FB10A25BEF61D00C9924E /* Release */,
			);
			defaultConfigurationIsVisible = 0;
			defaultConfigurationName = Release;
		};
		C70FB10B25BEF61D00C9924E /* Build configuration list for PBXNativeTarget "OpenMarket" */ = {
			isa = XCConfigurationList;
			buildConfigurations = (
				C70FB10C25BEF61D00C9924E /* Debug */,
				C70FB10D25BEF61D00C9924E /* Release */,
			);
			defaultConfigurationIsVisible = 0;
			defaultConfigurationName = Release;
		};
/* End XCConfigurationList section */
	};
	rootObject = C70FB0EF25BEF61C00C9924E /* Project object */;
}
