// !$*UTF8*$!
{
	archiveVersion = 1;
	classes = {
	};
	objectVersion = 50;
	objects = {

/* Begin PBXBuildFile section */
		68F4A0677ED0D1D9E6BA1210 /* Pods_OpenMarket.framework in Frameworks */ = {isa = PBXBuildFile; fileRef = 1C38891A4DAF9337F2FC1838 /* Pods_OpenMarket.framework */; };
		C70FB0FB25BEF61C00C9924E /* AppDelegate.swift in Sources */ = {isa = PBXBuildFile; fileRef = C70FB0FA25BEF61C00C9924E /* AppDelegate.swift */; };
		C70FB0FD25BEF61C00C9924E /* SceneDelegate.swift in Sources */ = {isa = PBXBuildFile; fileRef = C70FB0FC25BEF61C00C9924E /* SceneDelegate.swift */; };
		C70FB0FF25BEF61C00C9924E /* MarketMainViewController.swift in Sources */ = {isa = PBXBuildFile; fileRef = C70FB0FE25BEF61C00C9924E /* MarketMainViewController.swift */; };
		C70FB10425BEF61D00C9924E /* Assets.xcassets in Resources */ = {isa = PBXBuildFile; fileRef = C70FB10325BEF61D00C9924E /* Assets.xcassets */; };
		C70FB10725BEF61D00C9924E /* LaunchScreen.storyboard in Resources */ = {isa = PBXBuildFile; fileRef = C70FB10525BEF61D00C9924E /* LaunchScreen.storyboard */; };
		DF06A4EA27F4987A00D8BF10 /* ProductAddViewController.swift in Sources */ = {isa = PBXBuildFile; fileRef = DF06A4E927F4987A00D8BF10 /* ProductAddViewController.swift */; };
		DF06A4EC280A4CEC00D8BF10 /* UIViewController+Extension.swift in Sources */ = {isa = PBXBuildFile; fileRef = DF06A4EB280A4CEC00D8BF10 /* UIViewController+Extension.swift */; };
		DF2B66B92797AE3200CF0085 /* NetworkManager.swift in Sources */ = {isa = PBXBuildFile; fileRef = DF2B66B82797AE3200CF0085 /* NetworkManager.swift */; };
		DF2B66BD2798044E00CF0085 /* MarketEndPoint.swift in Sources */ = {isa = PBXBuildFile; fileRef = DF2B66BC2798044E00CF0085 /* MarketEndPoint.swift */; };
		DF2B66C327990B1700CF0085 /* MultipartFormData.swift in Sources */ = {isa = PBXBuildFile; fileRef = DF2B66C227990B1700CF0085 /* MultipartFormData.swift */; };
		DF2B66C82799651100CF0085 /* PostProduct.swift in Sources */ = {isa = PBXBuildFile; fileRef = DF2B66C72799651100CF0085 /* PostProduct.swift */; };
		DF2B66CD279971DF00CF0085 /* URLRequest+Extension.swift in Sources */ = {isa = PBXBuildFile; fileRef = DF2B66CC279971DF00CF0085 /* URLRequest+Extension.swift */; };
		DF2B66D1279982D000CF0085 /* PatchProduct.swift in Sources */ = {isa = PBXBuildFile; fileRef = DF2B66D0279982D000CF0085 /* PatchProduct.swift */; };
		DF2B66D3279988B400CF0085 /* NetworkManageable.swift in Sources */ = {isa = PBXBuildFile; fileRef = DF2B66D2279988B400CF0085 /* NetworkManageable.swift */; };
		DF30E99A27DAD75700781392 /* String+Extension.swift in Sources */ = {isa = PBXBuildFile; fileRef = DF30E99927DAD75700781392 /* String+Extension.swift */; };
		DF30E99C27DAD84700781392 /* Double+Extension.swift in Sources */ = {isa = PBXBuildFile; fileRef = DF30E99B27DAD84700781392 /* Double+Extension.swift */; };
		DF30E9AF27DC662200781392 /* MarketGridCollectionViewCell.swift in Sources */ = {isa = PBXBuildFile; fileRef = DF30E9AE27DC662200781392 /* MarketGridCollectionViewCell.swift */; };
		DF30E9B127DC719400781392 /* MarketListCollectionViewCell.swift in Sources */ = {isa = PBXBuildFile; fileRef = DF30E9B027DC719400781392 /* MarketListCollectionViewCell.swift */; };
		DF30E9B427DC769D00781392 /* MarketCellType.swift in Sources */ = {isa = PBXBuildFile; fileRef = DF30E9B327DC769D00781392 /* MarketCellType.swift */; };
		DF30E9BA27E2D33300781392 /* ProductDetailUseCase.swift in Sources */ = {isa = PBXBuildFile; fileRef = DF30E9B927E2D33200781392 /* ProductDetailUseCase.swift */; };
		DF30E9BC27E2E43B00781392 /* ProductDetailUseCaseProtocol.swift in Sources */ = {isa = PBXBuildFile; fileRef = DF30E9BB27E2E43B00781392 /* ProductDetailUseCaseProtocol.swift */; };
		DF30E9BE27E2E58700781392 /* ProductDetailViewModel.swift in Sources */ = {isa = PBXBuildFile; fileRef = DF30E9BD27E2E58700781392 /* ProductDetailViewModel.swift */; };
		DF30E9C227E6C56300781392 /* ProductDetailViewController.swift in Sources */ = {isa = PBXBuildFile; fileRef = DF30E9C127E6C56300781392 /* ProductDetailViewController.swift */; };
		DF31737C277B361B0088FA6A /* Product.swift in Sources */ = {isa = PBXBuildFile; fileRef = DF31737B277B361B0088FA6A /* Product.swift */; };
		DF31737E277B36370088FA6A /* ImageInformation.swift in Sources */ = {isa = PBXBuildFile; fileRef = DF31737D277B36370088FA6A /* ImageInformation.swift */; };
		DF317380277B36470088FA6A /* Vendor.swift in Sources */ = {isa = PBXBuildFile; fileRef = DF31737F277B36470088FA6A /* Vendor.swift */; };
		DF317382277B375B0088FA6A /* ProductList.swift in Sources */ = {isa = PBXBuildFile; fileRef = DF317381277B375B0088FA6A /* ProductList.swift */; };
		DF317384277BE0C20088FA6A /* DecodingManager.swift in Sources */ = {isa = PBXBuildFile; fileRef = DF317383277BE0C20088FA6A /* DecodingManager.swift */; };
		DF31738A277C152E0088FA6A /* EndPointType.swift in Sources */ = {isa = PBXBuildFile; fileRef = DF317389277C152E0088FA6A /* EndPointType.swift */; };
		DF5C405527CE3C6F00A7E2DF /* MarketListUseCase.swift in Sources */ = {isa = PBXBuildFile; fileRef = DF5C405427CE3C6F00A7E2DF /* MarketListUseCase.swift */; };
		DF5C405827D0E93400A7E2DF /* MarketListUseCaseProtocol.swift in Sources */ = {isa = PBXBuildFile; fileRef = DF5C405727D0E93400A7E2DF /* MarketListUseCaseProtocol.swift */; };
		DF5C405C27D0EAD100A7E2DF /* MarketListViewModel.swift in Sources */ = {isa = PBXBuildFile; fileRef = DF5C405B27D0EAD100A7E2DF /* MarketListViewModel.swift */; };
		DF5C405E27D1F5EA00A7E2DF /* Observable.swift in Sources */ = {isa = PBXBuildFile; fileRef = DF5C405D27D1F5EA00A7E2DF /* Observable.swift */; };
		DF5C406427D7718C00A7E2DF /* Cancellable.swift in Sources */ = {isa = PBXBuildFile; fileRef = DF5C406327D7718C00A7E2DF /* Cancellable.swift */; };
		DF5C406827D77B5A00A7E2DF /* ThumbnailUseCase.swift in Sources */ = {isa = PBXBuildFile; fileRef = DF5C406727D77B5A00A7E2DF /* ThumbnailUseCase.swift */; };
		DF5C406A27D77CD200A7E2DF /* MarketListCellViewModel.swift in Sources */ = {isa = PBXBuildFile; fileRef = DF5C406927D77CD200A7E2DF /* MarketListCellViewModel.swift */; };
		DF9684EA279EDDC800E93D9C /* Uploadable.swift in Sources */ = {isa = PBXBuildFile; fileRef = DF9684E9279EDDC800E93D9C /* Uploadable.swift */; };
		DF9684EC279EE12200E93D9C /* PostParameter.swift in Sources */ = {isa = PBXBuildFile; fileRef = DF9684EB279EE12200E93D9C /* PostParameter.swift */; };
		DF9684EE279EE13000E93D9C /* PatchParameter.swift in Sources */ = {isa = PBXBuildFile; fileRef = DF9684ED279EE13000E93D9C /* PatchParameter.swift */; };
		DFA0F9C627F1B41700ECB853 /* PhotoAddCollectionViewCell.swift in Sources */ = {isa = PBXBuildFile; fileRef = DFA0F9C527F1B41700ECB853 /* PhotoAddCollectionViewCell.swift */; };
		DFA0F9CA27F1B9E500ECB853 /* PhotoAddCellViewModel.swift in Sources */ = {isa = PBXBuildFile; fileRef = DFA0F9C927F1B9E500ECB853 /* PhotoAddCellViewModel.swift */; };
		DFC5807327AE29CB00CCC0E9 /* NetworkingTest.swift in Sources */ = {isa = PBXBuildFile; fileRef = DFC5807227AE29CB00CCC0E9 /* NetworkingTest.swift */; };
		DFC5807B27AE2A3700CCC0E9 /* MockURLSessionDataTask.swift in Sources */ = {isa = PBXBuildFile; fileRef = DFC5807A27AE2A3700CCC0E9 /* MockURLSessionDataTask.swift */; };
		DFC5807D27AE2BA400CCC0E9 /* URLSessionProtocol.swift in Sources */ = {isa = PBXBuildFile; fileRef = DFC5807C27AE2BA400CCC0E9 /* URLSessionProtocol.swift */; };
		DFC5807F27AE2CD200CCC0E9 /* MockURLSession.swift in Sources */ = {isa = PBXBuildFile; fileRef = DFC5807E27AE2CD200CCC0E9 /* MockURLSession.swift */; };
		DFC5808327AFD9E000CCC0E9 /* MagSafe.jpeg in Resources */ = {isa = PBXBuildFile; fileRef = DFC5808227AFD9E000CCC0E9 /* MagSafe.jpeg */; };
		DFC5808527AFE19F00CCC0E9 /* Product.json in Resources */ = {isa = PBXBuildFile; fileRef = DFC5808427AFE19F00CCC0E9 /* Product.json */; };
		DFC5808727AFE56800CCC0E9 /* .swiftLint.yml in Resources */ = {isa = PBXBuildFile; fileRef = DFC5808627AFE56800CCC0E9 /* .swiftLint.yml */; };
		DFC5808927AFE67E00CCC0E9 /* ProductList.json in Resources */ = {isa = PBXBuildFile; fileRef = DFC5808827AFE67E00CCC0E9 /* ProductList.json */; };
		DFE72AEE27EDE34D0042F23A /* ProductAddUseCase.swift in Sources */ = {isa = PBXBuildFile; fileRef = DFE72AED27EDE34D0042F23A /* ProductAddUseCase.swift */; };
		DFE72AF227EFDABD0042F23A /* BodyParameterType.swift in Sources */ = {isa = PBXBuildFile; fileRef = DFE72AF127EFDABD0042F23A /* BodyParameterType.swift */; };
		DFE72AF427F0B1940042F23A /* EncodingManager.swift in Sources */ = {isa = PBXBuildFile; fileRef = DFE72AF327F0B1940042F23A /* EncodingManager.swift */; };
		DFE72AF627F0B4B10042F23A /* ProductAddViewModel.swift in Sources */ = {isa = PBXBuildFile; fileRef = DFE72AF527F0B4B10042F23A /* ProductAddViewModel.swift */; };
/* End PBXBuildFile section */

/* Begin PBXContainerItemProxy section */
		DFC5807427AE29CB00CCC0E9 /* PBXContainerItemProxy */ = {
			isa = PBXContainerItemProxy;
			containerPortal = C70FB0EF25BEF61C00C9924E /* Project object */;
			proxyType = 1;
			remoteGlobalIDString = C70FB0F625BEF61C00C9924E;
			remoteInfo = OpenMarket;
		};
/* End PBXContainerItemProxy section */

/* Begin PBXFileReference section */
		1C38891A4DAF9337F2FC1838 /* Pods_OpenMarket.framework */ = {isa = PBXFileReference; explicitFileType = wrapper.framework; includeInIndex = 0; path = Pods_OpenMarket.framework; sourceTree = BUILT_PRODUCTS_DIR; };
		76F0BAE298815D5F9CFEF9A4 /* Pods-OpenMarket.release.xcconfig */ = {isa = PBXFileReference; includeInIndex = 1; lastKnownFileType = text.xcconfig; name = "Pods-OpenMarket.release.xcconfig"; path = "Target Support Files/Pods-OpenMarket/Pods-OpenMarket.release.xcconfig"; sourceTree = "<group>"; };
		BAE293CFED64C6BE1A23272B /* Pods-OpenMarket.debug.xcconfig */ = {isa = PBXFileReference; includeInIndex = 1; lastKnownFileType = text.xcconfig; name = "Pods-OpenMarket.debug.xcconfig"; path = "Target Support Files/Pods-OpenMarket/Pods-OpenMarket.debug.xcconfig"; sourceTree = "<group>"; };
		C70FB0F725BEF61C00C9924E /* OpenMarket.app */ = {isa = PBXFileReference; explicitFileType = wrapper.application; includeInIndex = 0; path = OpenMarket.app; sourceTree = BUILT_PRODUCTS_DIR; };
		C70FB0FA25BEF61C00C9924E /* AppDelegate.swift */ = {isa = PBXFileReference; lastKnownFileType = sourcecode.swift; path = AppDelegate.swift; sourceTree = "<group>"; };
		C70FB0FC25BEF61C00C9924E /* SceneDelegate.swift */ = {isa = PBXFileReference; lastKnownFileType = sourcecode.swift; path = SceneDelegate.swift; sourceTree = "<group>"; };
		C70FB0FE25BEF61C00C9924E /* MarketMainViewController.swift */ = {isa = PBXFileReference; lastKnownFileType = sourcecode.swift; path = MarketMainViewController.swift; sourceTree = "<group>"; };
		C70FB10325BEF61D00C9924E /* Assets.xcassets */ = {isa = PBXFileReference; lastKnownFileType = folder.assetcatalog; path = Assets.xcassets; sourceTree = "<group>"; };
		C70FB10625BEF61D00C9924E /* Base */ = {isa = PBXFileReference; lastKnownFileType = file.storyboard; name = Base; path = Base.lproj/LaunchScreen.storyboard; sourceTree = "<group>"; };
		C70FB10825BEF61D00C9924E /* Info.plist */ = {isa = PBXFileReference; lastKnownFileType = text.plist.xml; path = Info.plist; sourceTree = "<group>"; };
		DF06A4E927F4987A00D8BF10 /* ProductAddViewController.swift */ = {isa = PBXFileReference; lastKnownFileType = sourcecode.swift; path = ProductAddViewController.swift; sourceTree = "<group>"; };
		DF06A4EB280A4CEC00D8BF10 /* UIViewController+Extension.swift */ = {isa = PBXFileReference; lastKnownFileType = sourcecode.swift; path = "UIViewController+Extension.swift"; sourceTree = "<group>"; };
		DF2B66B82797AE3200CF0085 /* NetworkManager.swift */ = {isa = PBXFileReference; lastKnownFileType = sourcecode.swift; path = NetworkManager.swift; sourceTree = "<group>"; };
		DF2B66BC2798044E00CF0085 /* MarketEndPoint.swift */ = {isa = PBXFileReference; lastKnownFileType = sourcecode.swift; path = MarketEndPoint.swift; sourceTree = "<group>"; };
		DF2B66C227990B1700CF0085 /* MultipartFormData.swift */ = {isa = PBXFileReference; lastKnownFileType = sourcecode.swift; path = MultipartFormData.swift; sourceTree = "<group>"; };
		DF2B66C72799651100CF0085 /* PostProduct.swift */ = {isa = PBXFileReference; lastKnownFileType = sourcecode.swift; path = PostProduct.swift; sourceTree = "<group>"; };
		DF2B66CC279971DF00CF0085 /* URLRequest+Extension.swift */ = {isa = PBXFileReference; lastKnownFileType = sourcecode.swift; path = "URLRequest+Extension.swift"; sourceTree = "<group>"; };
		DF2B66D0279982D000CF0085 /* PatchProduct.swift */ = {isa = PBXFileReference; lastKnownFileType = sourcecode.swift; path = PatchProduct.swift; sourceTree = "<group>"; };
		DF2B66D2279988B400CF0085 /* NetworkManageable.swift */ = {isa = PBXFileReference; lastKnownFileType = sourcecode.swift; path = NetworkManageable.swift; sourceTree = "<group>"; };
		DF30E99927DAD75700781392 /* String+Extension.swift */ = {isa = PBXFileReference; lastKnownFileType = sourcecode.swift; path = "String+Extension.swift"; sourceTree = "<group>"; };
		DF30E99B27DAD84700781392 /* Double+Extension.swift */ = {isa = PBXFileReference; lastKnownFileType = sourcecode.swift; path = "Double+Extension.swift"; sourceTree = "<group>"; };
		DF30E9AE27DC662200781392 /* MarketGridCollectionViewCell.swift */ = {isa = PBXFileReference; lastKnownFileType = sourcecode.swift; path = MarketGridCollectionViewCell.swift; sourceTree = "<group>"; };
		DF30E9B027DC719400781392 /* MarketListCollectionViewCell.swift */ = {isa = PBXFileReference; lastKnownFileType = sourcecode.swift; path = MarketListCollectionViewCell.swift; sourceTree = "<group>"; };
		DF30E9B327DC769D00781392 /* MarketCellType.swift */ = {isa = PBXFileReference; lastKnownFileType = sourcecode.swift; path = MarketCellType.swift; sourceTree = "<group>"; };
		DF30E9B927E2D33200781392 /* ProductDetailUseCase.swift */ = {isa = PBXFileReference; lastKnownFileType = sourcecode.swift; path = ProductDetailUseCase.swift; sourceTree = "<group>"; };
		DF30E9BB27E2E43B00781392 /* ProductDetailUseCaseProtocol.swift */ = {isa = PBXFileReference; lastKnownFileType = sourcecode.swift; path = ProductDetailUseCaseProtocol.swift; sourceTree = "<group>"; };
		DF30E9BD27E2E58700781392 /* ProductDetailViewModel.swift */ = {isa = PBXFileReference; lastKnownFileType = sourcecode.swift; path = ProductDetailViewModel.swift; sourceTree = "<group>"; };
		DF30E9C127E6C56300781392 /* ProductDetailViewController.swift */ = {isa = PBXFileReference; lastKnownFileType = sourcecode.swift; path = ProductDetailViewController.swift; sourceTree = "<group>"; };
		DF31737B277B361B0088FA6A /* Product.swift */ = {isa = PBXFileReference; lastKnownFileType = sourcecode.swift; path = Product.swift; sourceTree = "<group>"; };
		DF31737D277B36370088FA6A /* ImageInformation.swift */ = {isa = PBXFileReference; lastKnownFileType = sourcecode.swift; path = ImageInformation.swift; sourceTree = "<group>"; };
		DF31737F277B36470088FA6A /* Vendor.swift */ = {isa = PBXFileReference; lastKnownFileType = sourcecode.swift; path = Vendor.swift; sourceTree = "<group>"; };
		DF317381277B375B0088FA6A /* ProductList.swift */ = {isa = PBXFileReference; lastKnownFileType = sourcecode.swift; path = ProductList.swift; sourceTree = "<group>"; };
		DF317383277BE0C20088FA6A /* DecodingManager.swift */ = {isa = PBXFileReference; lastKnownFileType = sourcecode.swift; path = DecodingManager.swift; sourceTree = "<group>"; };
		DF317389277C152E0088FA6A /* EndPointType.swift */ = {isa = PBXFileReference; lastKnownFileType = sourcecode.swift; path = EndPointType.swift; sourceTree = "<group>"; };
		DF5C405427CE3C6F00A7E2DF /* MarketListUseCase.swift */ = {isa = PBXFileReference; lastKnownFileType = sourcecode.swift; path = MarketListUseCase.swift; sourceTree = "<group>"; };
		DF5C405727D0E93400A7E2DF /* MarketListUseCaseProtocol.swift */ = {isa = PBXFileReference; lastKnownFileType = sourcecode.swift; path = MarketListUseCaseProtocol.swift; sourceTree = "<group>"; };
		DF5C405B27D0EAD100A7E2DF /* MarketListViewModel.swift */ = {isa = PBXFileReference; lastKnownFileType = sourcecode.swift; path = MarketListViewModel.swift; sourceTree = "<group>"; };
		DF5C405D27D1F5EA00A7E2DF /* Observable.swift */ = {isa = PBXFileReference; lastKnownFileType = sourcecode.swift; path = Observable.swift; sourceTree = "<group>"; };
		DF5C406327D7718C00A7E2DF /* Cancellable.swift */ = {isa = PBXFileReference; lastKnownFileType = sourcecode.swift; path = Cancellable.swift; sourceTree = "<group>"; };
		DF5C406727D77B5A00A7E2DF /* ThumbnailUseCase.swift */ = {isa = PBXFileReference; lastKnownFileType = sourcecode.swift; path = ThumbnailUseCase.swift; sourceTree = "<group>"; };
		DF5C406927D77CD200A7E2DF /* MarketListCellViewModel.swift */ = {isa = PBXFileReference; lastKnownFileType = sourcecode.swift; path = MarketListCellViewModel.swift; sourceTree = "<group>"; };
		DF9684E9279EDDC800E93D9C /* Uploadable.swift */ = {isa = PBXFileReference; lastKnownFileType = sourcecode.swift; path = Uploadable.swift; sourceTree = "<group>"; };
		DF9684EB279EE12200E93D9C /* PostParameter.swift */ = {isa = PBXFileReference; lastKnownFileType = sourcecode.swift; path = PostParameter.swift; sourceTree = "<group>"; };
		DF9684ED279EE13000E93D9C /* PatchParameter.swift */ = {isa = PBXFileReference; lastKnownFileType = sourcecode.swift; path = PatchParameter.swift; sourceTree = "<group>"; };
		DFA0F9C527F1B41700ECB853 /* PhotoAddCollectionViewCell.swift */ = {isa = PBXFileReference; lastKnownFileType = sourcecode.swift; path = PhotoAddCollectionViewCell.swift; sourceTree = "<group>"; };
		DFA0F9C927F1B9E500ECB853 /* PhotoAddCellViewModel.swift */ = {isa = PBXFileReference; lastKnownFileType = sourcecode.swift; path = PhotoAddCellViewModel.swift; sourceTree = "<group>"; };
		DFC5807027AE29CB00CCC0E9 /* OpenMarketNetworkingTests.xctest */ = {isa = PBXFileReference; explicitFileType = wrapper.cfbundle; includeInIndex = 0; path = OpenMarketNetworkingTests.xctest; sourceTree = BUILT_PRODUCTS_DIR; };
		DFC5807227AE29CB00CCC0E9 /* NetworkingTest.swift */ = {isa = PBXFileReference; lastKnownFileType = sourcecode.swift; path = NetworkingTest.swift; sourceTree = "<group>"; };
		DFC5807A27AE2A3700CCC0E9 /* MockURLSessionDataTask.swift */ = {isa = PBXFileReference; lastKnownFileType = sourcecode.swift; path = MockURLSessionDataTask.swift; sourceTree = "<group>"; };
		DFC5807C27AE2BA400CCC0E9 /* URLSessionProtocol.swift */ = {isa = PBXFileReference; lastKnownFileType = sourcecode.swift; path = URLSessionProtocol.swift; sourceTree = "<group>"; };
		DFC5807E27AE2CD200CCC0E9 /* MockURLSession.swift */ = {isa = PBXFileReference; lastKnownFileType = sourcecode.swift; path = MockURLSession.swift; sourceTree = "<group>"; };
		DFC5808227AFD9E000CCC0E9 /* MagSafe.jpeg */ = {isa = PBXFileReference; lastKnownFileType = image.jpeg; path = MagSafe.jpeg; sourceTree = "<group>"; };
		DFC5808427AFE19F00CCC0E9 /* Product.json */ = {isa = PBXFileReference; lastKnownFileType = text.json; path = Product.json; sourceTree = "<group>"; };
		DFC5808627AFE56800CCC0E9 /* .swiftLint.yml */ = {isa = PBXFileReference; lastKnownFileType = text.yaml; path = .swiftLint.yml; sourceTree = "<group>"; };
		DFC5808827AFE67E00CCC0E9 /* ProductList.json */ = {isa = PBXFileReference; lastKnownFileType = text.json; path = ProductList.json; sourceTree = "<group>"; };
		DFE72AED27EDE34D0042F23A /* ProductAddUseCase.swift */ = {isa = PBXFileReference; lastKnownFileType = sourcecode.swift; path = ProductAddUseCase.swift; sourceTree = "<group>"; };
		DFE72AF127EFDABD0042F23A /* BodyParameterType.swift */ = {isa = PBXFileReference; lastKnownFileType = sourcecode.swift; path = BodyParameterType.swift; sourceTree = "<group>"; };
		DFE72AF327F0B1940042F23A /* EncodingManager.swift */ = {isa = PBXFileReference; lastKnownFileType = sourcecode.swift; path = EncodingManager.swift; sourceTree = "<group>"; };
		DFE72AF527F0B4B10042F23A /* ProductAddViewModel.swift */ = {isa = PBXFileReference; lastKnownFileType = sourcecode.swift; path = ProductAddViewModel.swift; sourceTree = "<group>"; };
/* End PBXFileReference section */

/* Begin PBXFrameworksBuildPhase section */
		C70FB0F425BEF61C00C9924E /* Frameworks */ = {
			isa = PBXFrameworksBuildPhase;
			buildActionMask = 2147483647;
			files = (
				68F4A0677ED0D1D9E6BA1210 /* Pods_OpenMarket.framework in Frameworks */,
			);
			runOnlyForDeploymentPostprocessing = 0;
		};
		DFC5806D27AE29CB00CCC0E9 /* Frameworks */ = {
			isa = PBXFrameworksBuildPhase;
			buildActionMask = 2147483647;
			files = (
			);
			runOnlyForDeploymentPostprocessing = 0;
		};
/* End PBXFrameworksBuildPhase section */

/* Begin PBXGroup section */
		0E839B33B009CC7490BFD252 /* Pods */ = {
			isa = PBXGroup;
			children = (
				BAE293CFED64C6BE1A23272B /* Pods-OpenMarket.debug.xcconfig */,
				76F0BAE298815D5F9CFEF9A4 /* Pods-OpenMarket.release.xcconfig */,
			);
			path = Pods;
			sourceTree = "<group>";
		};
		500E656F26E40CD7E44E1539 /* Frameworks */ = {
			isa = PBXGroup;
			children = (
				1C38891A4DAF9337F2FC1838 /* Pods_OpenMarket.framework */,
			);
			name = Frameworks;
			sourceTree = "<group>";
		};
		C70FB0EE25BEF61C00C9924E = {
			isa = PBXGroup;
			children = (
				DFC5808627AFE56800CCC0E9 /* .swiftLint.yml */,
				C70FB0F925BEF61C00C9924E /* OpenMarket */,
				DFC5807127AE29CB00CCC0E9 /* OpenMarketTests */,
				C70FB0F825BEF61C00C9924E /* Products */,
				0E839B33B009CC7490BFD252 /* Pods */,
				500E656F26E40CD7E44E1539 /* Frameworks */,
			);
			sourceTree = "<group>";
		};
		C70FB0F825BEF61C00C9924E /* Products */ = {
			isa = PBXGroup;
			children = (
				C70FB0F725BEF61C00C9924E /* OpenMarket.app */,
				DFC5807027AE29CB00CCC0E9 /* OpenMarketNetworkingTests.xctest */,
			);
			name = Products;
			sourceTree = "<group>";
		};
		C70FB0F925BEF61C00C9924E /* OpenMarket */ = {
			isa = PBXGroup;
			children = (
				DF5C405127CE17C300A7E2DF /* Resources */,
				DF317388277C151F0088FA6A /* Protocols */,
				DF317371277B266A0088FA6A /* Models */,
				DF2B66B32797940A00CF0085 /* Networking */,
				DF317372277B26730088FA6A /* Views */,
				DF5C405227CE181500A7E2DF /* Utils */,
				DF2B66CB279971AE00CF0085 /* Extensions */,
				DF317374277B26830088FA6A /* SupportingFiles */,
			);
			path = OpenMarket;
			sourceTree = "<group>";
		};
		DF2B66B32797940A00CF0085 /* Networking */ = {
			isa = PBXGroup;
			children = (
				DF2B66BC2798044E00CF0085 /* MarketEndPoint.swift */,
				DF2B66B82797AE3200CF0085 /* NetworkManager.swift */,
				DF2B66C227990B1700CF0085 /* MultipartFormData.swift */,
			);
			path = Networking;
			sourceTree = "<group>";
		};
		DF2B66C927996B9300CF0085 /* DTO */ = {
			isa = PBXGroup;
			children = (
				DF2B66C72799651100CF0085 /* PostProduct.swift */,
				DF9684EB279EE12200E93D9C /* PostParameter.swift */,
				DF2B66D0279982D000CF0085 /* PatchProduct.swift */,
				DF9684ED279EE13000E93D9C /* PatchParameter.swift */,
			);
			path = DTO;
			sourceTree = "<group>";
		};
		DF2B66CB279971AE00CF0085 /* Extensions */ = {
			isa = PBXGroup;
			children = (
				DF2B66CC279971DF00CF0085 /* URLRequest+Extension.swift */,
				DF30E99927DAD75700781392 /* String+Extension.swift */,
				DF30E99B27DAD84700781392 /* Double+Extension.swift */,
				DF06A4EB280A4CEC00D8BF10 /* UIViewController+Extension.swift */,
			);
			path = Extensions;
			sourceTree = "<group>";
		};
		DF30E9B227DC768900781392 /* Views */ = {
			isa = PBXGroup;
			children = (
				DF30E9B327DC769D00781392 /* MarketCellType.swift */,
			);
			path = Views;
			sourceTree = "<group>";
		};
		DF30E9B527E2D20200781392 /* ProductDetailView */ = {
			isa = PBXGroup;
			children = (
				DF30E9C127E6C56300781392 /* ProductDetailViewController.swift */,
				DF30E9B827E2D31000781392 /* ViewModels */,
			);
			path = ProductDetailView;
			sourceTree = "<group>";
		};
		DF30E9B827E2D31000781392 /* ViewModels */ = {
			isa = PBXGroup;
			children = (
				DF30E9BD27E2E58700781392 /* ProductDetailViewModel.swift */,
				DF30E9B927E2D33200781392 /* ProductDetailUseCase.swift */,
			);
			path = ViewModels;
			sourceTree = "<group>";
		};
		DF317371277B266A0088FA6A /* Models */ = {
			isa = PBXGroup;
			children = (
				DF2B66C927996B9300CF0085 /* DTO */,
				DF317381277B375B0088FA6A /* ProductList.swift */,
				DF31737B277B361B0088FA6A /* Product.swift */,
				DF31737D277B36370088FA6A /* ImageInformation.swift */,
				DF31737F277B36470088FA6A /* Vendor.swift */,
			);
			path = Models;
			sourceTree = "<group>";
		};
		DF317372277B26730088FA6A /* Views */ = {
			isa = PBXGroup;
			children = (
				DF5C405327CE3C3200A7E2DF /* MarketListView */,
				DF30E9B527E2D20200781392 /* ProductDetailView */,
				DFE72AEC27EDE3120042F23A /* ProductAddView */,
			);
			path = Views;
			sourceTree = "<group>";
		};
		DF317374277B26830088FA6A /* SupportingFiles */ = {
			isa = PBXGroup;
			children = (
				C70FB0FA25BEF61C00C9924E /* AppDelegate.swift */,
				C70FB0FC25BEF61C00C9924E /* SceneDelegate.swift */,
				C70FB10825BEF61D00C9924E /* Info.plist */,
			);
			path = SupportingFiles;
			sourceTree = "<group>";
		};
		DF317388277C151F0088FA6A /* Protocols */ = {
			isa = PBXGroup;
			children = (
				DF5C405927D0E94A00A7E2DF /* Networking */,
				DF5C405A27D0E96100A7E2DF /* ViewModels */,
				DF30E9B227DC768900781392 /* Views */,
			);
			path = Protocols;
			sourceTree = "<group>";
		};
		DF5C405127CE17C300A7E2DF /* Resources */ = {
			isa = PBXGroup;
			children = (
				C70FB10325BEF61D00C9924E /* Assets.xcassets */,
				C70FB10525BEF61D00C9924E /* LaunchScreen.storyboard */,
			);
			path = Resources;
			sourceTree = "<group>";
		};
		DF5C405227CE181500A7E2DF /* Utils */ = {
			isa = PBXGroup;
			children = (
				DF5C405D27D1F5EA00A7E2DF /* Observable.swift */,
				DF317383277BE0C20088FA6A /* DecodingManager.swift */,
				DFE72AF327F0B1940042F23A /* EncodingManager.swift */,
			);
			path = Utils;
			sourceTree = "<group>";
		};
		DF5C405327CE3C3200A7E2DF /* MarketListView */ = {
			isa = PBXGroup;
			children = (
				C70FB0FE25BEF61C00C9924E /* MarketMainViewController.swift */,
				DF5C405627D0E00800A7E2DF /* ViewModels */,
				DF5C406527D77B3100A7E2DF /* MarketCollectionViewCell */,
			);
			path = MarketListView;
			sourceTree = "<group>";
		};
		DF5C405627D0E00800A7E2DF /* ViewModels */ = {
			isa = PBXGroup;
			children = (
				DF5C405B27D0EAD100A7E2DF /* MarketListViewModel.swift */,
				DF5C405427CE3C6F00A7E2DF /* MarketListUseCase.swift */,
			);
			path = ViewModels;
			sourceTree = "<group>";
		};
		DF5C405927D0E94A00A7E2DF /* Networking */ = {
			isa = PBXGroup;
			children = (
				DF2B66D2279988B400CF0085 /* NetworkManageable.swift */,
				DF317389277C152E0088FA6A /* EndPointType.swift */,
				DF9684E9279EDDC800E93D9C /* Uploadable.swift */,
				DFE72AF127EFDABD0042F23A /* BodyParameterType.swift */,
				DFC5807C27AE2BA400CCC0E9 /* URLSessionProtocol.swift */,
				DF5C406327D7718C00A7E2DF /* Cancellable.swift */,
			);
			path = Networking;
			sourceTree = "<group>";
		};
		DF5C405A27D0E96100A7E2DF /* ViewModels */ = {
			isa = PBXGroup;
			children = (
				DF5C405727D0E93400A7E2DF /* MarketListUseCaseProtocol.swift */,
				DF30E9BB27E2E43B00781392 /* ProductDetailUseCaseProtocol.swift */,
			);
			path = ViewModels;
			sourceTree = "<group>";
		};
		DF5C406527D77B3100A7E2DF /* MarketCollectionViewCell */ = {
			isa = PBXGroup;
			children = (
				DF5C406627D77B4D00A7E2DF /* ViewModels */,
				DF30E9AE27DC662200781392 /* MarketGridCollectionViewCell.swift */,
				DF30E9B027DC719400781392 /* MarketListCollectionViewCell.swift */,
			);
			path = MarketCollectionViewCell;
			sourceTree = "<group>";
		};
		DF5C406627D77B4D00A7E2DF /* ViewModels */ = {
			isa = PBXGroup;
			children = (
				DF5C406927D77CD200A7E2DF /* MarketListCellViewModel.swift */,
				DF5C406727D77B5A00A7E2DF /* ThumbnailUseCase.swift */,
			);
			path = ViewModels;
			sourceTree = "<group>";
		};
		DFA0F9C727F1B9BC00ECB853 /* PhotoAddCollectionViewCell */ = {
			isa = PBXGroup;
			children = (
				DFA0F9C827F1B9CE00ECB853 /* ViewModel */,
				DFA0F9C527F1B41700ECB853 /* PhotoAddCollectionViewCell.swift */,
			);
			path = PhotoAddCollectionViewCell;
			sourceTree = "<group>";
		};
		DFA0F9C827F1B9CE00ECB853 /* ViewModel */ = {
			isa = PBXGroup;
			children = (
				DFA0F9C927F1B9E500ECB853 /* PhotoAddCellViewModel.swift */,
			);
			path = ViewModel;
			sourceTree = "<group>";
		};
		DFC5807127AE29CB00CCC0E9 /* OpenMarketTests */ = {
			isa = PBXGroup;
			children = (
				DFC5807927AE2A2D00CCC0E9 /* Mock */,
				DFC5807227AE29CB00CCC0E9 /* NetworkingTest.swift */,
			);
			path = OpenMarketTests;
			sourceTree = "<group>";
		};
		DFC5807927AE2A2D00CCC0E9 /* Mock */ = {
			isa = PBXGroup;
			children = (
				DFC5807E27AE2CD200CCC0E9 /* MockURLSession.swift */,
				DFC5807A27AE2A3700CCC0E9 /* MockURLSessionDataTask.swift */,
				DFC5808027AFD93A00CCC0E9 /* JSON */,
				DFC5808127AFD94200CCC0E9 /* Image */,
			);
			path = Mock;
			sourceTree = "<group>";
		};
		DFC5808027AFD93A00CCC0E9 /* JSON */ = {
			isa = PBXGroup;
			children = (
				DFC5808827AFE67E00CCC0E9 /* ProductList.json */,
				DFC5808427AFE19F00CCC0E9 /* Product.json */,
			);
			path = JSON;
			sourceTree = "<group>";
		};
		DFC5808127AFD94200CCC0E9 /* Image */ = {
			isa = PBXGroup;
			children = (
				DFC5808227AFD9E000CCC0E9 /* MagSafe.jpeg */,
			);
			path = Image;
			sourceTree = "<group>";
		};
		DFE72AEC27EDE3120042F23A /* ProductAddView */ = {
			isa = PBXGroup;
			children = (
				DF06A4E927F4987A00D8BF10 /* ProductAddViewController.swift */,
				DFE72AF727F0B4B80042F23A /* ViewModels */,
				DFA0F9C727F1B9BC00ECB853 /* PhotoAddCollectionViewCell */,
			);
			path = ProductAddView;
			sourceTree = "<group>";
		};
		DFE72AF727F0B4B80042F23A /* ViewModels */ = {
			isa = PBXGroup;
			children = (
				DFE72AF527F0B4B10042F23A /* ProductAddViewModel.swift */,
				DFE72AED27EDE34D0042F23A /* ProductAddUseCase.swift */,
			);
			path = ViewModels;
			sourceTree = "<group>";
		};
/* End PBXGroup section */

/* Begin PBXNativeTarget section */
		C70FB0F625BEF61C00C9924E /* OpenMarket */ = {
			isa = PBXNativeTarget;
			buildConfigurationList = C70FB10B25BEF61D00C9924E /* Build configuration list for PBXNativeTarget "OpenMarket" */;
			buildPhases = (
				7A1FAB0AA509DEBC2A80EFBD /* [CP] Check Pods Manifest.lock */,
				C70FB0F325BEF61C00C9924E /* Sources */,
				C70FB0F425BEF61C00C9924E /* Frameworks */,
				C70FB0F525BEF61C00C9924E /* Resources */,
				DF317370277AFE870088FA6A /* ShellScript */,
			);
			buildRules = (
			);
			dependencies = (
			);
			name = OpenMarket;
			productName = OpenMarket;
			productReference = C70FB0F725BEF61C00C9924E /* OpenMarket.app */;
			productType = "com.apple.product-type.application";
		};
		DFC5806F27AE29CB00CCC0E9 /* OpenMarketNetworkingTests */ = {
			isa = PBXNativeTarget;
			buildConfigurationList = DFC5807827AE29CB00CCC0E9 /* Build configuration list for PBXNativeTarget "OpenMarketNetworkingTests" */;
			buildPhases = (
				DFC5806C27AE29CB00CCC0E9 /* Sources */,
				DFC5806D27AE29CB00CCC0E9 /* Frameworks */,
				DFC5806E27AE29CB00CCC0E9 /* Resources */,
			);
			buildRules = (
			);
			dependencies = (
				DFC5807527AE29CB00CCC0E9 /* PBXTargetDependency */,
			);
			name = OpenMarketNetworkingTests;
			productName = OpenMarketNetworkingTests;
			productReference = DFC5807027AE29CB00CCC0E9 /* OpenMarketNetworkingTests.xctest */;
			productType = "com.apple.product-type.bundle.unit-test";
		};
/* End PBXNativeTarget section */

/* Begin PBXProject section */
		C70FB0EF25BEF61C00C9924E /* Project object */ = {
			isa = PBXProject;
			attributes = {
				LastSwiftUpdateCheck = 1310;
				LastUpgradeCheck = 1230;
				TargetAttributes = {
					C70FB0F625BEF61C00C9924E = {
						CreatedOnToolsVersion = 12.3;
					};
					DFC5806F27AE29CB00CCC0E9 = {
						CreatedOnToolsVersion = 13.1;
						TestTargetID = C70FB0F625BEF61C00C9924E;
					};
				};
			};
			buildConfigurationList = C70FB0F225BEF61C00C9924E /* Build configuration list for PBXProject "OpenMarket" */;
			compatibilityVersion = "Xcode 9.3";
			developmentRegion = en;
			hasScannedForEncodings = 0;
			knownRegions = (
				en,
				Base,
			);
			mainGroup = C70FB0EE25BEF61C00C9924E;
			productRefGroup = C70FB0F825BEF61C00C9924E /* Products */;
			projectDirPath = "";
			projectRoot = "";
			targets = (
				C70FB0F625BEF61C00C9924E /* OpenMarket */,
				DFC5806F27AE29CB00CCC0E9 /* OpenMarketNetworkingTests */,
			);
		};
/* End PBXProject section */

/* Begin PBXResourcesBuildPhase section */
		C70FB0F525BEF61C00C9924E /* Resources */ = {
			isa = PBXResourcesBuildPhase;
			buildActionMask = 2147483647;
			files = (
				C70FB10725BEF61D00C9924E /* LaunchScreen.storyboard in Resources */,
				C70FB10425BEF61D00C9924E /* Assets.xcassets in Resources */,
			);
			runOnlyForDeploymentPostprocessing = 0;
		};
		DFC5806E27AE29CB00CCC0E9 /* Resources */ = {
			isa = PBXResourcesBuildPhase;
			buildActionMask = 2147483647;
			files = (
				DFC5808327AFD9E000CCC0E9 /* MagSafe.jpeg in Resources */,
				DFC5808927AFE67E00CCC0E9 /* ProductList.json in Resources */,
				DFC5808527AFE19F00CCC0E9 /* Product.json in Resources */,
				DFC5808727AFE56800CCC0E9 /* .swiftLint.yml in Resources */,
			);
			runOnlyForDeploymentPostprocessing = 0;
		};
/* End PBXResourcesBuildPhase section */

/* Begin PBXShellScriptBuildPhase section */
		7A1FAB0AA509DEBC2A80EFBD /* [CP] Check Pods Manifest.lock */ = {
			isa = PBXShellScriptBuildPhase;
			buildActionMask = 2147483647;
			files = (
			);
			inputFileListPaths = (
			);
			inputPaths = (
				"${PODS_PODFILE_DIR_PATH}/Podfile.lock",
				"${PODS_ROOT}/Manifest.lock",
			);
			name = "[CP] Check Pods Manifest.lock";
			outputFileListPaths = (
			);
			outputPaths = (
				"$(DERIVED_FILE_DIR)/Pods-OpenMarket-checkManifestLockResult.txt",
			);
			runOnlyForDeploymentPostprocessing = 0;
			shellPath = /bin/sh;
			shellScript = "diff \"${PODS_PODFILE_DIR_PATH}/Podfile.lock\" \"${PODS_ROOT}/Manifest.lock\" > /dev/null\nif [ $? != 0 ] ; then\n    # print error to STDERR\n    echo \"error: The sandbox is not in sync with the Podfile.lock. Run 'pod install' or update your CocoaPods installation.\" >&2\n    exit 1\nfi\n# This output is used by Xcode 'outputs' to avoid re-running this script phase.\necho \"SUCCESS\" > \"${SCRIPT_OUTPUT_FILE_0}\"\n";
			showEnvVarsInLog = 0;
		};
		DF317370277AFE870088FA6A /* ShellScript */ = {
			isa = PBXShellScriptBuildPhase;
			buildActionMask = 2147483647;
			files = (
			);
			inputFileListPaths = (
			);
			inputPaths = (
			);
			outputFileListPaths = (
			);
			outputPaths = (
			);
			runOnlyForDeploymentPostprocessing = 0;
			shellPath = /bin/sh;
			shellScript = "${PODS_ROOT}/SwiftLint/swiftlint\n";
		};
/* End PBXShellScriptBuildPhase section */

/* Begin PBXSourcesBuildPhase section */
		C70FB0F325BEF61C00C9924E /* Sources */ = {
			isa = PBXSourcesBuildPhase;
			buildActionMask = 2147483647;
			files = (
				DF30E9B127DC719400781392 /* MarketListCollectionViewCell.swift in Sources */,
				DFC5807D27AE2BA400CCC0E9 /* URLSessionProtocol.swift in Sources */,
				C70FB0FF25BEF61C00C9924E /* MarketMainViewController.swift in Sources */,
				DF30E9BE27E2E58700781392 /* ProductDetailViewModel.swift in Sources */,
				DF31737C277B361B0088FA6A /* Product.swift in Sources */,
				DF5C405C27D0EAD100A7E2DF /* MarketListViewModel.swift in Sources */,
				DF30E9BA27E2D33300781392 /* ProductDetailUseCase.swift in Sources */,
				DF5C405527CE3C6F00A7E2DF /* MarketListUseCase.swift in Sources */,
				DF9684EC279EE12200E93D9C /* PostParameter.swift in Sources */,
				DF5C406827D77B5A00A7E2DF /* ThumbnailUseCase.swift in Sources */,
				DF2B66C327990B1700CF0085 /* MultipartFormData.swift in Sources */,
				DF30E9AF27DC662200781392 /* MarketGridCollectionViewCell.swift in Sources */,
				DF06A4EC280A4CEC00D8BF10 /* UIViewController+Extension.swift in Sources */,
				DF30E99A27DAD75700781392 /* String+Extension.swift in Sources */,
				C70FB0FB25BEF61C00C9924E /* AppDelegate.swift in Sources */,
				DF317380277B36470088FA6A /* Vendor.swift in Sources */,
				DF2B66B92797AE3200CF0085 /* NetworkManager.swift in Sources */,
				DF317382277B375B0088FA6A /* ProductList.swift in Sources */,
				DFE72AEE27EDE34D0042F23A /* ProductAddUseCase.swift in Sources */,
				DFE72AF627F0B4B10042F23A /* ProductAddViewModel.swift in Sources */,
				DF9684EE279EE13000E93D9C /* PatchParameter.swift in Sources */,
				DF06A4EA27F4987A00D8BF10 /* ProductAddViewController.swift in Sources */,
				DF2B66BD2798044E00CF0085 /* MarketEndPoint.swift in Sources */,
				DFA0F9C627F1B41700ECB853 /* PhotoAddCollectionViewCell.swift in Sources */,
				DF30E9BC27E2E43B00781392 /* ProductDetailUseCaseProtocol.swift in Sources */,
				DFE72AF427F0B1940042F23A /* EncodingManager.swift in Sources */,
				DF5C406427D7718C00A7E2DF /* Cancellable.swift in Sources */,
				DF31737E277B36370088FA6A /* ImageInformation.swift in Sources */,
				DF5C406A27D77CD200A7E2DF /* MarketListCellViewModel.swift in Sources */,
				DF317384277BE0C20088FA6A /* DecodingManager.swift in Sources */,
				DF30E9B427DC769D00781392 /* MarketCellType.swift in Sources */,
				DF2B66CD279971DF00CF0085 /* URLRequest+Extension.swift in Sources */,
				DF30E99C27DAD84700781392 /* Double+Extension.swift in Sources */,
				DF5C405E27D1F5EA00A7E2DF /* Observable.swift in Sources */,
				C70FB0FD25BEF61C00C9924E /* SceneDelegate.swift in Sources */,
				DF30E9C227E6C56300781392 /* ProductDetailViewController.swift in Sources */,
				DF9684EA279EDDC800E93D9C /* Uploadable.swift in Sources */,
				DF5C405827D0E93400A7E2DF /* MarketListUseCaseProtocol.swift in Sources */,
				DF31738A277C152E0088FA6A /* EndPointType.swift in Sources */,
				DFA0F9CA27F1B9E500ECB853 /* PhotoAddCellViewModel.swift in Sources */,
				DF2B66D1279982D000CF0085 /* PatchProduct.swift in Sources */,
				DF2B66C82799651100CF0085 /* PostProduct.swift in Sources */,
				DFE72AF227EFDABD0042F23A /* BodyParameterType.swift in Sources */,
				DF2B66D3279988B400CF0085 /* NetworkManageable.swift in Sources */,
			);
			runOnlyForDeploymentPostprocessing = 0;
		};
		DFC5806C27AE29CB00CCC0E9 /* Sources */ = {
			isa = PBXSourcesBuildPhase;
			buildActionMask = 2147483647;
			files = (
				DFC5807F27AE2CD200CCC0E9 /* MockURLSession.swift in Sources */,
				DFC5807B27AE2A3700CCC0E9 /* MockURLSessionDataTask.swift in Sources */,
				DFC5807327AE29CB00CCC0E9 /* NetworkingTest.swift in Sources */,
			);
			runOnlyForDeploymentPostprocessing = 0;
		};
/* End PBXSourcesBuildPhase section */

/* Begin PBXTargetDependency section */
		DFC5807527AE29CB00CCC0E9 /* PBXTargetDependency */ = {
			isa = PBXTargetDependency;
			target = C70FB0F625BEF61C00C9924E /* OpenMarket */;
			targetProxy = DFC5807427AE29CB00CCC0E9 /* PBXContainerItemProxy */;
		};
/* End PBXTargetDependency section */

/* Begin PBXVariantGroup section */
		C70FB10525BEF61D00C9924E /* LaunchScreen.storyboard */ = {
			isa = PBXVariantGroup;
			children = (
				C70FB10625BEF61D00C9924E /* Base */,
			);
			name = LaunchScreen.storyboard;
			sourceTree = "<group>";
		};
/* End PBXVariantGroup section */

/* Begin XCBuildConfiguration section */
		C70FB10925BEF61D00C9924E /* Debug */ = {
			isa = XCBuildConfiguration;
			buildSettings = {
				ALWAYS_SEARCH_USER_PATHS = NO;
				CLANG_ANALYZER_NONNULL = YES;
				CLANG_ANALYZER_NUMBER_OBJECT_CONVERSION = YES_AGGRESSIVE;
				CLANG_CXX_LANGUAGE_STANDARD = "gnu++14";
				CLANG_CXX_LIBRARY = "libc++";
				CLANG_ENABLE_MODULES = YES;
				CLANG_ENABLE_OBJC_ARC = YES;
				CLANG_ENABLE_OBJC_WEAK = YES;
				CLANG_WARN_BLOCK_CAPTURE_AUTORELEASING = YES;
				CLANG_WARN_BOOL_CONVERSION = YES;
				CLANG_WARN_COMMA = YES;
				CLANG_WARN_CONSTANT_CONVERSION = YES;
				CLANG_WARN_DEPRECATED_OBJC_IMPLEMENTATIONS = YES;
				CLANG_WARN_DIRECT_OBJC_ISA_USAGE = YES_ERROR;
				CLANG_WARN_DOCUMENTATION_COMMENTS = YES;
				CLANG_WARN_EMPTY_BODY = YES;
				CLANG_WARN_ENUM_CONVERSION = YES;
				CLANG_WARN_INFINITE_RECURSION = YES;
				CLANG_WARN_INT_CONVERSION = YES;
				CLANG_WARN_NON_LITERAL_NULL_CONVERSION = YES;
				CLANG_WARN_OBJC_IMPLICIT_RETAIN_SELF = YES;
				CLANG_WARN_OBJC_LITERAL_CONVERSION = YES;
				CLANG_WARN_OBJC_ROOT_CLASS = YES_ERROR;
				CLANG_WARN_QUOTED_INCLUDE_IN_FRAMEWORK_HEADER = YES;
				CLANG_WARN_RANGE_LOOP_ANALYSIS = YES;
				CLANG_WARN_STRICT_PROTOTYPES = YES;
				CLANG_WARN_SUSPICIOUS_MOVE = YES;
				CLANG_WARN_UNGUARDED_AVAILABILITY = YES_AGGRESSIVE;
				CLANG_WARN_UNREACHABLE_CODE = YES;
				CLANG_WARN__DUPLICATE_METHOD_MATCH = YES;
				COPY_PHASE_STRIP = NO;
				DEBUG_INFORMATION_FORMAT = dwarf;
				ENABLE_STRICT_OBJC_MSGSEND = YES;
				ENABLE_TESTABILITY = YES;
				GCC_C_LANGUAGE_STANDARD = gnu11;
				GCC_DYNAMIC_NO_PIC = NO;
				GCC_NO_COMMON_BLOCKS = YES;
				GCC_OPTIMIZATION_LEVEL = 0;
				GCC_PREPROCESSOR_DEFINITIONS = (
					"DEBUG=1",
					"$(inherited)",
				);
				GCC_WARN_64_TO_32_BIT_CONVERSION = YES;
				GCC_WARN_ABOUT_RETURN_TYPE = YES_ERROR;
				GCC_WARN_UNDECLARED_SELECTOR = YES;
				GCC_WARN_UNINITIALIZED_AUTOS = YES_AGGRESSIVE;
				GCC_WARN_UNUSED_FUNCTION = YES;
				GCC_WARN_UNUSED_VARIABLE = YES;
				IPHONEOS_DEPLOYMENT_TARGET = 13.2;
				MTL_ENABLE_DEBUG_INFO = INCLUDE_SOURCE;
				MTL_FAST_MATH = YES;
				ONLY_ACTIVE_ARCH = YES;
				SDKROOT = iphoneos;
				SWIFT_ACTIVE_COMPILATION_CONDITIONS = DEBUG;
				SWIFT_OPTIMIZATION_LEVEL = "-Onone";
			};
			name = Debug;
		};
		C70FB10A25BEF61D00C9924E /* Release */ = {
			isa = XCBuildConfiguration;
			buildSettings = {
				ALWAYS_SEARCH_USER_PATHS = NO;
				CLANG_ANALYZER_NONNULL = YES;
				CLANG_ANALYZER_NUMBER_OBJECT_CONVERSION = YES_AGGRESSIVE;
				CLANG_CXX_LANGUAGE_STANDARD = "gnu++14";
				CLANG_CXX_LIBRARY = "libc++";
				CLANG_ENABLE_MODULES = YES;
				CLANG_ENABLE_OBJC_ARC = YES;
				CLANG_ENABLE_OBJC_WEAK = YES;
				CLANG_WARN_BLOCK_CAPTURE_AUTORELEASING = YES;
				CLANG_WARN_BOOL_CONVERSION = YES;
				CLANG_WARN_COMMA = YES;
				CLANG_WARN_CONSTANT_CONVERSION = YES;
				CLANG_WARN_DEPRECATED_OBJC_IMPLEMENTATIONS = YES;
				CLANG_WARN_DIRECT_OBJC_ISA_USAGE = YES_ERROR;
				CLANG_WARN_DOCUMENTATION_COMMENTS = YES;
				CLANG_WARN_EMPTY_BODY = YES;
				CLANG_WARN_ENUM_CONVERSION = YES;
				CLANG_WARN_INFINITE_RECURSION = YES;
				CLANG_WARN_INT_CONVERSION = YES;
				CLANG_WARN_NON_LITERAL_NULL_CONVERSION = YES;
				CLANG_WARN_OBJC_IMPLICIT_RETAIN_SELF = YES;
				CLANG_WARN_OBJC_LITERAL_CONVERSION = YES;
				CLANG_WARN_OBJC_ROOT_CLASS = YES_ERROR;
				CLANG_WARN_QUOTED_INCLUDE_IN_FRAMEWORK_HEADER = YES;
				CLANG_WARN_RANGE_LOOP_ANALYSIS = YES;
				CLANG_WARN_STRICT_PROTOTYPES = YES;
				CLANG_WARN_SUSPICIOUS_MOVE = YES;
				CLANG_WARN_UNGUARDED_AVAILABILITY = YES_AGGRESSIVE;
				CLANG_WARN_UNREACHABLE_CODE = YES;
				CLANG_WARN__DUPLICATE_METHOD_MATCH = YES;
				COPY_PHASE_STRIP = NO;
				DEBUG_INFORMATION_FORMAT = "dwarf-with-dsym";
				ENABLE_NS_ASSERTIONS = NO;
				ENABLE_STRICT_OBJC_MSGSEND = YES;
				GCC_C_LANGUAGE_STANDARD = gnu11;
				GCC_NO_COMMON_BLOCKS = YES;
				GCC_WARN_64_TO_32_BIT_CONVERSION = YES;
				GCC_WARN_ABOUT_RETURN_TYPE = YES_ERROR;
				GCC_WARN_UNDECLARED_SELECTOR = YES;
				GCC_WARN_UNINITIALIZED_AUTOS = YES_AGGRESSIVE;
				GCC_WARN_UNUSED_FUNCTION = YES;
				GCC_WARN_UNUSED_VARIABLE = YES;
				IPHONEOS_DEPLOYMENT_TARGET = 13.2;
				MTL_ENABLE_DEBUG_INFO = NO;
				MTL_FAST_MATH = YES;
				SDKROOT = iphoneos;
				SWIFT_COMPILATION_MODE = wholemodule;
				SWIFT_OPTIMIZATION_LEVEL = "-O";
				VALIDATE_PRODUCT = YES;
			};
			name = Release;
		};
		C70FB10C25BEF61D00C9924E /* Debug */ = {
			isa = XCBuildConfiguration;
			baseConfigurationReference = BAE293CFED64C6BE1A23272B /* Pods-OpenMarket.debug.xcconfig */;
			buildSettings = {
				ASSETCATALOG_COMPILER_APPICON_NAME = AppIcon;
				ASSETCATALOG_COMPILER_GLOBAL_ACCENT_COLOR_NAME = AccentColor;
				CODE_SIGN_STYLE = Automatic;
				DEVELOPMENT_TEAM = LHNXD357QL;
				INFOPLIST_FILE = OpenMarket/SupportingFiles/Info.plist;
				IPHONEOS_DEPLOYMENT_TARGET = 13.2;
				LD_RUNPATH_SEARCH_PATHS = (
					"$(inherited)",
					"@executable_path/Frameworks",
				);
				PRODUCT_BUNDLE_IDENTIFIER = net.nala2022.OpenMarket;
				PRODUCT_NAME = "$(TARGET_NAME)";
				SWIFT_VERSION = 5.0;
				TARGETED_DEVICE_FAMILY = "1,2";
			};
			name = Debug;
		};
		C70FB10D25BEF61D00C9924E /* Release */ = {
			isa = XCBuildConfiguration;
			baseConfigurationReference = 76F0BAE298815D5F9CFEF9A4 /* Pods-OpenMarket.release.xcconfig */;
			buildSettings = {
				ASSETCATALOG_COMPILER_APPICON_NAME = AppIcon;
				ASSETCATALOG_COMPILER_GLOBAL_ACCENT_COLOR_NAME = AccentColor;
				CODE_SIGN_STYLE = Automatic;
				DEVELOPMENT_TEAM = LHNXD357QL;
				INFOPLIST_FILE = OpenMarket/SupportingFiles/Info.plist;
				IPHONEOS_DEPLOYMENT_TARGET = 13.2;
				LD_RUNPATH_SEARCH_PATHS = (
					"$(inherited)",
					"@executable_path/Frameworks",
				);
				PRODUCT_BUNDLE_IDENTIFIER = net.nala2022.OpenMarket;
				PRODUCT_NAME = "$(TARGET_NAME)";
				SWIFT_VERSION = 5.0;
				TARGETED_DEVICE_FAMILY = "1,2";
			};
			name = Release;
		};
		DFC5807627AE29CB00CCC0E9 /* Debug */ = {
			isa = XCBuildConfiguration;
			buildSettings = {
				BUNDLE_LOADER = "$(TEST_HOST)";
				CLANG_CXX_LANGUAGE_STANDARD = "gnu++17";
				CODE_SIGN_STYLE = Automatic;
				CURRENT_PROJECT_VERSION = 1;
				DEVELOPMENT_TEAM = LHNXD357QL;
				GENERATE_INFOPLIST_FILE = YES;
				IPHONEOS_DEPLOYMENT_TARGET = 15.0;
				LD_RUNPATH_SEARCH_PATHS = (
					"$(inherited)",
					"@executable_path/Frameworks",
					"@loader_path/Frameworks",
				);
				MARKETING_VERSION = 1.0;
				PRODUCT_BUNDLE_IDENTIFIER = com.Nala.OpenMarketNetworkingTests;
				PRODUCT_NAME = "$(TARGET_NAME)";
				SWIFT_EMIT_LOC_STRINGS = NO;
				SWIFT_VERSION = 5.0;
				TARGETED_DEVICE_FAMILY = "1,2";
				TEST_HOST = "$(BUILT_PRODUCTS_DIR)/OpenMarket.app/OpenMarket";
			};
			name = Debug;
		};
		DFC5807727AE29CB00CCC0E9 /* Release */ = {
			isa = XCBuildConfiguration;
			buildSettings = {
				BUNDLE_LOADER = "$(TEST_HOST)";
				CLANG_CXX_LANGUAGE_STANDARD = "gnu++17";
				CODE_SIGN_STYLE = Automatic;
				CURRENT_PROJECT_VERSION = 1;
				DEVELOPMENT_TEAM = LHNXD357QL;
				GENERATE_INFOPLIST_FILE = YES;
				IPHONEOS_DEPLOYMENT_TARGET = 15.0;
				LD_RUNPATH_SEARCH_PATHS = (
					"$(inherited)",
					"@executable_path/Frameworks",
					"@loader_path/Frameworks",
				);
				MARKETING_VERSION = 1.0;
				PRODUCT_BUNDLE_IDENTIFIER = com.Nala.OpenMarketNetworkingTests;
				PRODUCT_NAME = "$(TARGET_NAME)";
				SWIFT_EMIT_LOC_STRINGS = NO;
				SWIFT_VERSION = 5.0;
				TARGETED_DEVICE_FAMILY = "1,2";
				TEST_HOST = "$(BUILT_PRODUCTS_DIR)/OpenMarket.app/OpenMarket";
			};
			name = Release;
		};
/* End XCBuildConfiguration section */

/* Begin XCConfigurationList section */
		C70FB0F225BEF61C00C9924E /* Build configuration list for PBXProject "OpenMarket" */ = {
			isa = XCConfigurationList;
			buildConfigurations = (
				C70FB10925BEF61D00C9924E /* Debug */,
				C70FB10A25BEF61D00C9924E /* Release */,
			);
			defaultConfigurationIsVisible = 0;
			defaultConfigurationName = Release;
		};
		C70FB10B25BEF61D00C9924E /* Build configuration list for PBXNativeTarget "OpenMarket" */ = {
			isa = XCConfigurationList;
			buildConfigurations = (
				C70FB10C25BEF61D00C9924E /* Debug */,
				C70FB10D25BEF61D00C9924E /* Release */,
			);
			defaultConfigurationIsVisible = 0;
			defaultConfigurationName = Release;
		};
		DFC5807827AE29CB00CCC0E9 /* Build configuration list for PBXNativeTarget "OpenMarketNetworkingTests" */ = {
			isa = XCConfigurationList;
			buildConfigurations = (
				DFC5807627AE29CB00CCC0E9 /* Debug */,
				DFC5807727AE29CB00CCC0E9 /* Release */,
			);
			defaultConfigurationIsVisible = 0;
			defaultConfigurationName = Release;
		};
/* End XCConfigurationList section */
	};
	rootObject = C70FB0EF25BEF61C00C9924E /* Project object */;
}
